
Microsoft Visual Studio Solution File, Format Version 9.00
# Visual Studio 2005
Project("{8BC9CEB8-8B4A-11D0-8D11-00A0C91BC942}") = "Scales", "Tablitsa\Tablitsa.vcproj", "{D30399B3-AC51-45CE-A433-89E08BB31424}"
EndProject
Project("{8BC9CEB8-8B4A-11D0-8D11-00A0C91BC942}") = "getVesyForm", "getVesyForm\getVesyForm.vcproj", "{D74ED319-7671-404A-AE82-955AA81571A3}"
EndProject
Project("{2150E333-8FDC-42A3-9474-1A3956D46DE8}") = "Элементы решения", "Элементы решения", "{F99BD926-0FBA-4257-989F-E1E08D345816}"
	ProjectSection(SolutionItems) = preProject
		Tablitsa1.vsd = Tablitsa1.vsd
	EndProjectSection
EndProject
Global
	GlobalSection(SolutionConfigurationPlatforms) = preSolution
		Debug|Win32 = Debug|Win32
		Debug|x64 = Debug|x64
		Release|Win32 = Release|Win32
		Release|x64 = Release|x64
	EndGlobalSection
	GlobalSection(ProjectConfigurationPlatforms) = postSolution
		{D30399B3-AC51-45CE-A433-89E08BB31424}.Debug|Win32.ActiveCfg = Debug|Win32
		{D30399B3-AC51-45CE-A433-89E08BB31424}.Debug|Win32.Build.0 = Debug|Win32
		{D30399B3-AC51-45CE-A433-89E08BB31424}.Debug|x64.ActiveCfg = Debug|x64
		{D30399B3-AC51-45CE-A433-89E08BB31424}.Debug|x64.Build.0 = Debug|x64
		{D30399B3-AC51-45CE-A433-89E08BB31424}.Release|Win32.ActiveCfg = Release|Win32
		{D30399B3-AC51-45CE-A433-89E08BB31424}.Release|Win32.Build.0 = Release|Win32
		{D30399B3-AC51-45CE-A433-89E08BB31424}.Release|x64.ActiveCfg = Release|x64
		{D30399B3-AC51-45CE-A433-89E08BB31424}.Release|x64.Build.0 = Release|x64
		{D74ED319-7671-404A-AE82-955AA81571A3}.Debug|Win32.ActiveCfg = Debug|Win32
		{D74ED319-7671-404A-AE82-955AA81571A3}.Debug|Win32.Build.0 = Debug|Win32
		{D74ED319-7671-404A-AE82-955AA81571A3}.Debug|x64.ActiveCfg = Debug|x64
		{D74ED319-7671-404A-AE82-955AA81571A3}.Debug|x64.Build.0 = Debug|x64
		{D74ED319-7671-404A-AE82-955AA81571A3}.Release|Win32.ActiveCfg = Release|Win32
		{D74ED319-7671-404A-AE82-955AA81571A3}.Release|x64.ActiveCfg = Release|x64
		{D74ED319-7671-404A-AE82-955AA81571A3}.Release|x64.Build.0 = Release|x64
	EndGlobalSection
	GlobalSection(SolutionProperties) = preSolution
		HideSolutionNode = FALSE
	EndGlobalSection
EndGlobal
